PODS:
  - Alamofire (4.7.3)
  - AlamofireImage (3.3.1):
    - Alamofire (~> 4.5)
  - AlamofireNetworkActivityIndicator (2.2.1):
    - Alamofire (~> 4.7)
  - Crashlytics (3.10.5):
    - Fabric (~> 1.7.9)
  - DateTools (1.7.0)
  - DynamicBlurView (2.0.2)
  - Fabric (1.7.9)
  - Freddy (3.0.3)
  - JSQMessagesViewController (7.3.5):
    - JSQSystemSoundPlayer (~> 2.0.1)
  - JSQSystemSoundPlayer (2.0.1)
  - JWTDecode (2.1.1)
  - p2.OAuth2 (3.0.3)
  - Realm (3.2.0):
    - Realm/Headers (= 3.2.0)
  - Realm/Headers (3.2.0)
  - RealmSwift (3.2.0):
    - Realm (= 3.2.0)
  - SlackTextViewController (1.9.6)
  - SnapKit (3.1.2)
  - StatefulViewController (3.0)
  - Turbolinks (3.0.0)

DEPENDENCIES:
  - Alamofire (~> 4.5)
  - AlamofireImage (~> 3.3)
  - AlamofireNetworkActivityIndicator (~> 2.1)
  - Crashlytics
  - DateTools (~> 1.7)
  - DynamicBlurView
  - Fabric
  - Freddy (~> 3.0.0)
  - JSQMessagesViewController
  - JWTDecode (~> 2.0)
  - p2.OAuth2 (~> 3.0.1)
  - RealmSwift (~> 3.2.0)
  - SlackTextViewController (~> 1.9.5)
  - SnapKit (~> 3.1.2)
  - StatefulViewController (~> 3.0)
  - Turbolinks (from `https://github.com/turbolinks/turbolinks-ios.git`)

SPEC REPOS:
  https://github.com/cocoapods/specs.git:
    - Alamofire
    - AlamofireImage
    - AlamofireNetworkActivityIndicator
    - Crashlytics
    - DateTools
    - DynamicBlurView
    - Fabric
    - Freddy
    - JSQMessagesViewController
    - JSQSystemSoundPlayer
    - JWTDecode
    - p2.OAuth2
    - Realm
    - RealmSwift
    - SlackTextViewController
    - SnapKit
    - StatefulViewController

EXTERNAL SOURCES:
  Turbolinks:
    :git: https://github.com/turbolinks/turbolinks-ios.git

CHECKOUT OPTIONS:
  Turbolinks:
    :commit: 8b0ff2132ac00192c7869366b54fb3102ff9291e
    :git: https://github.com/turbolinks/turbolinks-ios.git

SPEC CHECKSUMS:
  Alamofire: c7287b6e5d7da964a70935e5db17046b7fde6568
  AlamofireImage: 3b35b586853abaf94ca1250f4e94cff3c21a4c0d
  AlamofireNetworkActivityIndicator: aeac50e6ecb78ec71a5f1f29098bcf4ec2962910
  Crashlytics: 7f2e38d302d9da96475b3d64d86fb29e31a542b7
  DateTools: 53288ee8b905fdc75897a1e6b5cc0144b14cba60
  DynamicBlurView: aa6db4defc6e537eb86fc5e58dd3991666178399
  Fabric: a2917d3895e4c1569b9c3170de7320ea1b1e6661
  Freddy: 7c62db262a0d0e3b3e2b8b40f2c0cc51e122fbc4
  JSQMessagesViewController: 6587f56aedbcb150a8ba1d968e1ef58b1bc758b7
  JSQSystemSoundPlayer: c5850e77a4363ffd374cd851154b9af93264ed8d
  JWTDecode: 83e8b381aafe27158d9f692cbdca2b12d61d460c
  p2.OAuth2: 63d8d3e366ac2c43bfe8bfa13b42cfeb908c314e
  Realm: ae552b9b9eca3a12374a589fa842f220e286a80a
  RealmSwift: 05727129547dcab3fe828bd87bc30be903736b9c
  SlackTextViewController: b854e62c1c156336bc4fd409c6ca79b5773e8f9d
  SnapKit: 12b24f569cb7c143acc9c22b9d91b23e7b1c84a2
  StatefulViewController: 4803bf900d44de26074344998e10e041113b5931
  Turbolinks: 4e3a5ce8132e96019236ca7f8f274a0034de2a39

PODFILE CHECKSUM: 7a22685d06790c0beac73cbed8b9ed1f4767064a

COCOAPODS: 1.5.2
